// !$*UTF8*$!
{
	archiveVersion = 1;
	classes = {
	};
	objectVersion = 46;
	objects = {

/* Begin PBXBuildFile section */
		63D7BEB71D77B9FE00EC2469 /* AppDelegate.swift in Sources */ = {isa = PBXBuildFile; fileRef = 63D7BEB61D77B9FE00EC2469 /* AppDelegate.swift */; };
		63D7BEB91D77B9FE00EC2469 /* ViewController.swift in Sources */ = {isa = PBXBuildFile; fileRef = 63D7BEB81D77B9FE00EC2469 /* ViewController.swift */; };
		63D7BEBC1D77B9FE00EC2469 /* Main.storyboard in Resources */ = {isa = PBXBuildFile; fileRef = 63D7BEBA1D77B9FE00EC2469 /* Main.storyboard */; };
		63D7BEBE1D77B9FE00EC2469 /* Assets.xcassets in Resources */ = {isa = PBXBuildFile; fileRef = 63D7BEBD1D77B9FE00EC2469 /* Assets.xcassets */; };
		63D7BEC11D77B9FE00EC2469 /* LaunchScreen.storyboard in Resources */ = {isa = PBXBuildFile; fileRef = 63D7BEBF1D77B9FE00EC2469 /* LaunchScreen.storyboard */; };
		63D7BECC1D77B9FF00EC2469 /* HashbrownTests.swift in Sources */ = {isa = PBXBuildFile; fileRef = 63D7BECB1D77B9FF00EC2469 /* HashbrownTests.swift */; };
		D4E20E9C325DC279745B0106 /* Pods_Hashbrown.framework in Frameworks */ = {isa = PBXBuildFile; fileRef = AB7D1E4214B99D4A4597D895 /* Pods_Hashbrown.framework */; };
/* End PBXBuildFile section */

/* Begin PBXContainerItemProxy section */
		63D7BEC81D77B9FF00EC2469 /* PBXContainerItemProxy */ = {
			isa = PBXContainerItemProxy;
			containerPortal = 63D7BEAB1D77B9FE00EC2469 /* Project object */;
			proxyType = 1;
			remoteGlobalIDString = 63D7BEB21D77B9FE00EC2469;
			remoteInfo = Hashbrown;
		};
/* End PBXContainerItemProxy section */

/* Begin PBXFileReference section */
		63D7BEB31D77B9FE00EC2469 /* Hashbrown.app */ = {isa = PBXFileReference; explicitFileType = wrapper.application; includeInIndex = 0; path = Hashbrown.app; sourceTree = BUILT_PRODUCTS_DIR; };
		63D7BEB61D77B9FE00EC2469 /* AppDelegate.swift */ = {isa = PBXFileReference; lastKnownFileType = sourcecode.swift; path = AppDelegate.swift; sourceTree = "<group>"; };
		63D7BEB81D77B9FE00EC2469 /* ViewController.swift */ = {isa = PBXFileReference; lastKnownFileType = sourcecode.swift; path = ViewController.swift; sourceTree = "<group>"; };
		63D7BEBB1D77B9FE00EC2469 /* Base */ = {isa = PBXFileReference; lastKnownFileType = file.storyboard; name = Base; path = Base.lproj/Main.storyboard; sourceTree = "<group>"; };
		63D7BEBD1D77B9FE00EC2469 /* Assets.xcassets */ = {isa = PBXFileReference; lastKnownFileType = folder.assetcatalog; path = Assets.xcassets; sourceTree = "<group>"; };
		63D7BEC01D77B9FE00EC2469 /* Base */ = {isa = PBXFileReference; lastKnownFileType = file.storyboard; name = Base; path = Base.lproj/LaunchScreen.storyboard; sourceTree = "<group>"; };
		63D7BEC21D77B9FE00EC2469 /* Info.plist */ = {isa = PBXFileReference; lastKnownFileType = text.plist.xml; path = Info.plist; sourceTree = "<group>"; };
		63D7BEC71D77B9FF00EC2469 /* HashbrownTests.xctest */ = {isa = PBXFileReference; explicitFileType = wrapper.cfbundle; includeInIndex = 0; path = HashbrownTests.xctest; sourceTree = BUILT_PRODUCTS_DIR; };
		63D7BECB1D77B9FF00EC2469 /* HashbrownTests.swift */ = {isa = PBXFileReference; lastKnownFileType = sourcecode.swift; path = HashbrownTests.swift; sourceTree = "<group>"; };
		63D7BECD1D77B9FF00EC2469 /* Info.plist */ = {isa = PBXFileReference; lastKnownFileType = text.plist.xml; path = Info.plist; sourceTree = "<group>"; };
		7F17B03DCE720C75B60AAF0B /* Pods-Hashbrown.debug.xcconfig */ = {isa = PBXFileReference; includeInIndex = 1; lastKnownFileType = text.xcconfig; name = "Pods-Hashbrown.debug.xcconfig"; path = "Pods/Target Support Files/Pods-Hashbrown/Pods-Hashbrown.debug.xcconfig"; sourceTree = "<group>"; };
		AB7D1E4214B99D4A4597D895 /* Pods_Hashbrown.framework */ = {isa = PBXFileReference; explicitFileType = wrapper.framework; includeInIndex = 0; path = Pods_Hashbrown.framework; sourceTree = BUILT_PRODUCTS_DIR; };
		BC8B446B3A37610ABDC409B3 /* Pods-Hashbrown.release.xcconfig */ = {isa = PBXFileReference; includeInIndex = 1; lastKnownFileType = text.xcconfig; name = "Pods-Hashbrown.release.xcconfig"; path = "Pods/Target Support Files/Pods-Hashbrown/Pods-Hashbrown.release.xcconfig"; sourceTree = "<group>"; };
/* End PBXFileReference section */

/* Begin PBXFrameworksBuildPhase section */
		63D7BEB01D77B9FE00EC2469 /* Frameworks */ = {
			isa = PBXFrameworksBuildPhase;
			buildActionMask = 2147483647;
			files = (
				D4E20E9C325DC279745B0106 /* Pods_Hashbrown.framework in Frameworks */,
			);
			runOnlyForDeploymentPostprocessing = 0;
		};
		63D7BEC41D77B9FF00EC2469 /* Frameworks */ = {
			isa = PBXFrameworksBuildPhase;
			buildActionMask = 2147483647;
			files = (
			);
			runOnlyForDeploymentPostprocessing = 0;
		};
/* End PBXFrameworksBuildPhase section */

/* Begin PBXGroup section */
		1F27D731058370E134379B12 /* Frameworks */ = {
			isa = PBXGroup;
			children = (
				AB7D1E4214B99D4A4597D895 /* Pods_Hashbrown.framework */,
			);
			name = Frameworks;
			sourceTree = "<group>";
		};
		3AFD0BCB0BE06C8096270013 /* Pods */ = {
			isa = PBXGroup;
			children = (
				7F17B03DCE720C75B60AAF0B /* Pods-Hashbrown.debug.xcconfig */,
				BC8B446B3A37610ABDC409B3 /* Pods-Hashbrown.release.xcconfig */,
			);
			name = Pods;
			sourceTree = "<group>";
		};
		63D7BEAA1D77B9FE00EC2469 = {
			isa = PBXGroup;
			children = (
				63D7BEB51D77B9FE00EC2469 /* Hashbrown */,
				63D7BECA1D77B9FF00EC2469 /* HashbrownTests */,
				63D7BEB41D77B9FE00EC2469 /* Products */,
				3AFD0BCB0BE06C8096270013 /* Pods */,
				1F27D731058370E134379B12 /* Frameworks */,
			);
			sourceTree = "<group>";
		};
		63D7BEB41D77B9FE00EC2469 /* Products */ = {
			isa = PBXGroup;
			children = (
				63D7BEB31D77B9FE00EC2469 /* Hashbrown.app */,
				63D7BEC71D77B9FF00EC2469 /* HashbrownTests.xctest */,
			);
			name = Products;
			sourceTree = "<group>";
		};
		63D7BEB51D77B9FE00EC2469 /* Hashbrown */ = {
			isa = PBXGroup;
			children = (
				63D7BEB61D77B9FE00EC2469 /* AppDelegate.swift */,
				63D7BEB81D77B9FE00EC2469 /* ViewController.swift */,
				63D7BEBA1D77B9FE00EC2469 /* Main.storyboard */,
				63D7BEBD1D77B9FE00EC2469 /* Assets.xcassets */,
				63D7BEBF1D77B9FE00EC2469 /* LaunchScreen.storyboard */,
				63D7BEC21D77B9FE00EC2469 /* Info.plist */,
			);
			path = Hashbrown;
			sourceTree = "<group>";
		};
		63D7BECA1D77B9FF00EC2469 /* HashbrownTests */ = {
			isa = PBXGroup;
			children = (
				63D7BECB1D77B9FF00EC2469 /* HashbrownTests.swift */,
				63D7BECD1D77B9FF00EC2469 /* Info.plist */,
			);
			path = HashbrownTests;
			sourceTree = "<group>";
		};
/* End PBXGroup section */

/* Begin PBXNativeTarget section */
		63D7BEB21D77B9FE00EC2469 /* Hashbrown */ = {
			isa = PBXNativeTarget;
			buildConfigurationList = 63D7BED01D77B9FF00EC2469 /* Build configuration list for PBXNativeTarget "Hashbrown" */;
			buildPhases = (
				8C1391CB0A8062DE7D22FA7E /* [CP] Check Pods Manifest.lock */,
				63D7BEAF1D77B9FE00EC2469 /* Sources */,
				63D7BEB01D77B9FE00EC2469 /* Frameworks */,
				63D7BEB11D77B9FE00EC2469 /* Resources */,
				EB65A970B06EFF1215FE9C71 /* [CP] Embed Pods Frameworks */,
				AEC41D7CA964436593B7AB68 /* [CP] Copy Pods Resources */,
			);
			buildRules = (
			);
			dependencies = (
			);
			name = Hashbrown;
			productName = Hashbrown;
			productReference = 63D7BEB31D77B9FE00EC2469 /* Hashbrown.app */;
			productType = "com.apple.product-type.application";
		};
		63D7BEC61D77B9FF00EC2469 /* HashbrownTests */ = {
			isa = PBXNativeTarget;
			buildConfigurationList = 63D7BED31D77B9FF00EC2469 /* Build configuration list for PBXNativeTarget "HashbrownTests" */;
			buildPhases = (
				63D7BEC31D77B9FF00EC2469 /* Sources */,
				63D7BEC41D77B9FF00EC2469 /* Frameworks */,
				63D7BEC51D77B9FF00EC2469 /* Resources */,
			);
			buildRules = (
			);
			dependencies = (
				63D7BEC91D77B9FF00EC2469 /* PBXTargetDependency */,
			);
			name = HashbrownTests;
			productName = HashbrownTests;
			productReference = 63D7BEC71D77B9FF00EC2469 /* HashbrownTests.xctest */;
			productType = "com.apple.product-type.bundle.unit-test";
		};
/* End PBXNativeTarget section */

/* Begin PBXProject section */
		63D7BEAB1D77B9FE00EC2469 /* Project object */ = {
			isa = PBXProject;
			attributes = {
				LastSwiftUpdateCheck = 0730;
				LastUpgradeCheck = 0730;
				ORGANIZATIONNAME = "Andy Cho";
				TargetAttributes = {
					63D7BEB21D77B9FE00EC2469 = {
						CreatedOnToolsVersion = 7.3.1;
					};
					63D7BEC61D77B9FF00EC2469 = {
						CreatedOnToolsVersion = 7.3.1;
						TestTargetID = 63D7BEB21D77B9FE00EC2469;
					};
				};
			};
			buildConfigurationList = 63D7BEAE1D77B9FE00EC2469 /* Build configuration list for PBXProject "Hashbrown" */;
			compatibilityVersion = "Xcode 3.2";
			developmentRegion = English;
			hasScannedForEncodings = 0;
			knownRegions = (
				en,
				Base,
			);
			mainGroup = 63D7BEAA1D77B9FE00EC2469;
			productRefGroup = 63D7BEB41D77B9FE00EC2469 /* Products */;
			projectDirPath = "";
			projectRoot = "";
			targets = (
				63D7BEB21D77B9FE00EC2469 /* Hashbrown */,
				63D7BEC61D77B9FF00EC2469 /* HashbrownTests */,
			);
		};
/* End PBXProject section */

/* Begin PBXResourcesBuildPhase section */
		63D7BEB11D77B9FE00EC2469 /* Resources */ = {
			isa = PBXResourcesBuildPhase;
			buildActionMask = 2147483647;
			files = (
				63D7BEC11D77B9FE00EC2469 /* LaunchScreen.storyboard in Resources */,
				63D7BEBE1D77B9FE00EC2469 /* Assets.xcassets in Resources */,
				63D7BEBC1D77B9FE00EC2469 /* Main.storyboard in Resources */,
			);
			runOnlyForDeploymentPostprocessing = 0;
		};
		63D7BEC51D77B9FF00EC2469 /* Resources */ = {
			isa = PBXResourcesBuildPhase;
			buildActionMask = 2147483647;
			files = (
			);
			runOnlyForDeploymentPostprocessing = 0;
		};
/* End PBXResourcesBuildPhase section */

/* Begin PBXShellScriptBuildPhase section */
		8C1391CB0A8062DE7D22FA7E /* [CP] Check Pods Manifest.lock */ = {
			isa = PBXShellScriptBuildPhase;
			buildActionMask = 2147483647;
			files = (
			);
			inputPaths = (
			);
			name = "[CP] Check Pods Manifest.lock";
			outputPaths = (
			);
			runOnlyForDeploymentPostprocessing = 0;
			shellPath = /bin/sh;
			shellScript = "diff \"${PODS_ROOT}/../Podfile.lock\" \"${PODS_ROOT}/Manifest.lock\" > /dev/null\nif [[ $? != 0 ]] ; then\n    cat << EOM\nerror: The sandbox is not in sync with the Podfile.lock. Run 'pod install' or update your CocoaPods installation.\nEOM\n    exit 1\nfi\n";
			showEnvVarsInLog = 0;
		};
		AEC41D7CA964436593B7AB68 /* [CP] Copy Pods Resources */ = {
			isa = PBXShellScriptBuildPhase;
			buildActionMask = 2147483647;
			files = (
			);
			inputPaths = (
			);
			name = "[CP] Copy Pods Resources";
			outputPaths = (
			);
			runOnlyForDeploymentPostprocessing = 0;
			shellPath = /bin/sh;
			shellScript = "\"${SRCROOT}/Pods/Target Support Files/Pods-Hashbrown/Pods-Hashbrown-resources.sh\"\n";
			showEnvVarsInLog = 0;
		};
		EB65A970B06EFF1215FE9C71 /* [CP] Embed Pods Frameworks */ = {
			isa = PBXShellScriptBuildPhase;
			buildActionMask = 2147483647;
			files = (
			);
			inputPaths = (
			);
			name = "[CP] Embed Pods Frameworks";
			outputPaths = (
			);
			runOnlyForDeploymentPostprocessing = 0;
			shellPath = /bin/sh;
			shellScript = "\"${SRCROOT}/Pods/Target Support Files/Pods-Hashbrown/Pods-Hashbrown-frameworks.sh\"\n";
			showEnvVarsInLog = 0;
		};
/* End PBXShellScriptBuildPhase section */

/* Begin PBXSourcesBuildPhase section */
		63D7BEAF1D77B9FE00EC2469 /* Sources */ = {
			isa = PBXSourcesBuildPhase;
			buildActionMask = 2147483647;
			files = (
				63D7BEB91D77B9FE00EC2469 /* ViewController.swift in Sources */,
				63D7BEB71D77B9FE00EC2469 /* AppDelegate.swift in Sources */,
			);
			runOnlyForDeploymentPostprocessing = 0;
		};
		63D7BEC31D77B9FF00EC2469 /* Sources */ = {
			isa = PBXSourcesBuildPhase;
			buildActionMask = 2147483647;
			files = (
				63D7BECC1D77B9FF00EC2469 /* HashbrownTests.swift in Sources */,
			);
			runOnlyForDeploymentPostprocessing = 0;
		};
/* End PBXSourcesBuildPhase section */

/* Begin PBXTargetDependency section */
		63D7BEC91D77B9FF00EC2469 /* PBXTargetDependency */ = {
			isa = PBXTargetDependency;
			target = 63D7BEB21D77B9FE00EC2469 /* Hashbrown */;
			targetProxy = 63D7BEC81D77B9FF00EC2469 /* PBXContainerItemProxy */;
		};
/* End PBXTargetDependency section */

/* Begin PBXVariantGroup section */
		63D7BEBA1D77B9FE00EC2469 /* Main.storyboard */ = {
			isa = PBXVariantGroup;
			children = (
				63D7BEBB1D77B9FE00EC2469 /* Base */,
			);
			name = Main.storyboard;
			sourceTree = "<group>";
		};
		63D7BEBF1D77B9FE00EC2469 /* LaunchScreen.storyboard */ = {
			isa = PBXVariantGroup;
			children = (
				63D7BEC01D77B9FE00EC2469 /* Base */,
			);
			name = LaunchScreen.storyboard;
			sourceTree = "<group>";
		};
/* End PBXVariantGroup section */

/* Begin XCBuildConfiguration section */
		63D7BECE1D77B9FF00EC2469 /* Debug */ = {
			isa = XCBuildConfiguration;
			buildSettings = {
				ALWAYS_SEARCH_USER_PATHS = NO;
				CLANG_ANALYZER_NONNULL = YES;
				CLANG_CXX_LANGUAGE_STANDARD = "gnu++0x";
				CLANG_CXX_LIBRARY = "libc++";
				CLANG_ENABLE_MODULES = YES;
				CLANG_ENABLE_OBJC_ARC = YES;
				CLANG_WARN_BOOL_CONVERSION = YES;
				CLANG_WARN_CONSTANT_CONVERSION = YES;
				CLANG_WARN_DIRECT_OBJC_ISA_USAGE = YES_ERROR;
				CLANG_WARN_EMPTY_BODY = YES;
				CLANG_WARN_ENUM_CONVERSION = YES;
				CLANG_WARN_INT_CONVERSION = YES;
				CLANG_WARN_OBJC_ROOT_CLASS = YES_ERROR;
				CLANG_WARN_UNREACHABLE_CODE = YES;
				CLANG_WARN__DUPLICATE_METHOD_MATCH = YES;
				"CODE_SIGN_IDENTITY[sdk=iphoneos*]" = "iPhone Developer";
				COPY_PHASE_STRIP = NO;
				DEBUG_INFORMATION_FORMAT = dwarf;
				ENABLE_STRICT_OBJC_MSGSEND = YES;
				ENABLE_TESTABILITY = YES;
				GCC_C_LANGUAGE_STANDARD = gnu99;
				GCC_DYNAMIC_NO_PIC = NO;
				GCC_NO_COMMON_BLOCKS = YES;
				GCC_OPTIMIZATION_LEVEL = 0;
				GCC_PREPROCESSOR_DEFINITIONS = (
					"DEBUG=1",
					"$(inherited)",
				);
				GCC_WARN_64_TO_32_BIT_CONVERSION = YES;
				GCC_WARN_ABOUT_RETURN_TYPE = YES_ERROR;
				GCC_WARN_UNDECLARED_SELECTOR = YES;
				GCC_WARN_UNINITIALIZED_AUTOS = YES_AGGRESSIVE;
				GCC_WARN_UNUSED_FUNCTION = YES;
				GCC_WARN_UNUSED_VARIABLE = YES;
				IPHONEOS_DEPLOYMENT_TARGET = 9.3;
				MTL_ENABLE_DEBUG_INFO = YES;
				ONLY_ACTIVE_ARCH = YES;
				SDKROOT = iphoneos;
				SWIFT_OPTIMIZATION_LEVEL = "-Onone";
				TARGETED_DEVICE_FAMILY = "1,2";
			};
			name = Debug;
		};
		63D7BECF1D77B9FF00EC2469 /* Release */ = {
			isa = XCBuildConfiguration;
			buildSettings = {
				ALWAYS_SEARCH_USER_PATHS = NO;
				CLANG_ANALYZER_NONNULL = YES;
				CLANG_CXX_LANGUAGE_STANDARD = "gnu++0x";
				CLANG_CXX_LIBRARY = "libc++";
				CLANG_ENABLE_MODULES = YES;
				CLANG_ENABLE_OBJC_ARC = YES;
				CLANG_WARN_BOOL_CONVERSION = YES;
				CLANG_WARN_CONSTANT_CONVERSION = YES;
				CLANG_WARN_DIRECT_OBJC_ISA_USAGE = YES_ERROR;
				CLANG_WARN_EMPTY_BODY = YES;
				CLANG_WARN_ENUM_CONVERSION = YES;
				CLANG_WARN_INT_CONVERSION = YES;
				CLANG_WARN_OBJC_ROOT_CLASS = YES_ERROR;
				CLANG_WARN_UNREACHABLE_CODE = YES;
				CLANG_WARN__DUPLICATE_METHOD_MATCH = YES;
				"CODE_SIGN_IDENTITY[sdk=iphoneos*]" = "iPhone Developer";
				COPY_PHASE_STRIP = NO;
				DEBUG_INFORMATION_FORMAT = "dwarf-with-dsym";
				ENABLE_NS_ASSERTIONS = NO;
				ENABLE_STRICT_OBJC_MSGSEND = YES;
				GCC_C_LANGUAGE_STANDARD = gnu99;
				GCC_NO_COMMON_BLOCKS = YES;
				GCC_WARN_64_TO_32_BIT_CONVERSION = YES;
				GCC_WARN_ABOUT_RETURN_TYPE = YES_ERROR;
				GCC_WARN_UNDECLARED_SELECTOR = YES;
				GCC_WARN_UNINITIALIZED_AUTOS = YES_AGGRESSIVE;
				GCC_WARN_UNUSED_FUNCTION = YES;
				GCC_WARN_UNUSED_VARIABLE = YES;
				IPHONEOS_DEPLOYMENT_TARGET = 9.3;
				MTL_ENABLE_DEBUG_INFO = NO;
				SDKROOT = iphoneos;
				TARGETED_DEVICE_FAMILY = "1,2";
				VALIDATE_PRODUCT = YES;
			};
			name = Release;
		};
		63D7BED11D77B9FF00EC2469 /* Debug */ = {
			isa = XCBuildConfiguration;
			baseConfigurationReference = 7F17B03DCE720C75B60AAF0B /* Pods-Hashbrown.debug.xcconfig */;
			buildSettings = {
				ASSETCATALOG_COMPILER_APPICON_NAME = AppIcon;
				INFOPLIST_FILE = Hashbrown/Info.plist;
				LD_RUNPATH_SEARCH_PATHS = "$(inherited) @executable_path/Frameworks";
				PRODUCT_BUNDLE_IDENTIFIER = com.acromace.Hashbrown;
				PRODUCT_NAME = "$(TARGET_NAME)";
			};
			name = Debug;
		};
		63D7BED21D77B9FF00EC2469 /* Release */ = {
			isa = XCBuildConfiguration;
			baseConfigurationReference = BC8B446B3A37610ABDC409B3 /* Pods-Hashbrown.release.xcconfig */;
			buildSettings = {
				ASSETCATALOG_COMPILER_APPICON_NAME = AppIcon;
				INFOPLIST_FILE = Hashbrown/Info.plist;
				LD_RUNPATH_SEARCH_PATHS = "$(inherited) @executable_path/Frameworks";
				PRODUCT_BUNDLE_IDENTIFIER = com.acromace.Hashbrown;
				PRODUCT_NAME = "$(TARGET_NAME)";
			};
			name = Release;
		};
		63D7BED41D77B9FF00EC2469 /* Debug */ = {
			isa = XCBuildConfiguration;
			buildSettings = {
				BUNDLE_LOADER = "$(TEST_HOST)";
				INFOPLIST_FILE = HashbrownTests/Info.plist;
				LD_RUNPATH_SEARCH_PATHS = "$(inherited) @executable_path/Frameworks @loader_path/Frameworks";
				PRODUCT_BUNDLE_IDENTIFIER = com.acromace.HashbrownTests;
				PRODUCT_NAME = "$(TARGET_NAME)";
				TEST_HOST = "$(BUILT_PRODUCTS_DIR)/Hashbrown.app/Hashbrown";
			};
			name = Debug;
		};
		63D7BED51D77B9FF00EC2469 /* Release */ = {
			isa = XCBuildConfiguration;
			buildSettings = {
				BUNDLE_LOADER = "$(TEST_HOST)";
				INFOPLIST_FILE = HashbrownTests/Info.plist;
				LD_RUNPATH_SEARCH_PATHS = "$(inherited) @executable_path/Frameworks @loader_path/Frameworks";
				PRODUCT_BUNDLE_IDENTIFIER = com.acromace.HashbrownTests;
				PRODUCT_NAME = "$(TARGET_NAME)";
				TEST_HOST = "$(BUILT_PRODUCTS_DIR)/Hashbrown.app/Hashbrown";
			};
			name = Release;
		};
/* End XCBuildConfiguration section */

/* Begin XCConfigurationList section */
		63D7BEAE1D77B9FE00EC2469 /* Build configuration list for PBXProject "Hashbrown" */ = {
			isa = XCConfigurationList;
			buildConfigurations = (
				63D7BECE1D77B9FF00EC2469 /* Debug */,
				63D7BECF1D77B9FF00EC2469 /* Release */,
			);
			defaultConfigurationIsVisible = 0;
			defaultConfigurationName = Release;
		};
		63D7BED01D77B9FF00EC2469 /* Build configuration list for PBXNativeTarget "Hashbrown" */ = {
			isa = XCConfigurationList;
			buildConfigurations = (
				63D7BED11D77B9FF00EC2469 /* Debug */,
				63D7BED21D77B9FF00EC2469 /* Release */,
			);
			defaultConfigurationIsVisible = 0;
			defaultConfigurationName = Release;
		};
		63D7BED31D77B9FF00EC2469 /* Build configuration list for PBXNativeTarget "HashbrownTests" */ = {
			isa = XCConfigurationList;
			buildConfigurations = (
				63D7BED41D77B9FF00EC2469 /* Debug */,
				63D7BED51D77B9FF00EC2469 /* Release */,
			);
			defaultConfigurationIsVisible = 0;
			defaultConfigurationName = Release;
		};
/* End XCConfigurationList section */
	};
	rootObject = 63D7BEAB1D77B9FE00EC2469 /* Project object */;
}
